
Microsoft Visual Studio Solution File, Format Version 12.00
# Visual Studio Version 17
VisualStudioVersion = 17.10.34916.146
MinimumVisualStudioVersion = 10.0.40219.1
Project("{FAE04EC0-301F-11D3-BF4B-00C04F79EFBC}") = "FlappyBird", "FlappyBird.csproj", "{51AE6106-356B-4B85-B2F2-871DBA57DDC4}"
EndProject
Global
	GlobalSection(SolutionConfigurationPlatforms) = preSolution
		Debug|Any CPU = Debug|Any CPU
		Release|Any CPU = Release|Any CPU
	EndGlobalSection
	GlobalSection(ProjectConfigurationPlatforms) = postSolution
		{51AE6106-356B-4B85-B2F2-871DBA57DDC4}.Debug|Any CPU.ActiveCfg = Debug|Any CPU
		{51AE6106-356B-4B85-B2F2-871DBA57DDC4}.Debug|Any CPU.Build.0 = Debug|Any CPU
		{51AE6106-356B-4B85-B2F2-871DBA57DDC4}.Release|Any CPU.ActiveCfg = Release|Any CPU
		{51AE6106-356B-4B85-B2F2-871DBA57DDC4}.Release|Any CPU.Build.0 = Release|Any CPU
	EndGlobalSection
	GlobalSection(SolutionProperties) = preSolution
		HideSolutionNode = FALSE
	EndGlobalSection
	GlobalSection(ExtensibilityGlobals) = postSolution
		SolutionGuid = {14850251-4EC2-4DB9-9129-5F6115FC6285}
	EndGlobalSection
EndGlobal
